{
  "name": "check-vector-tiles-version",
  "version": "1.0.0",
  "lockfileVersion": 1,
  "requires": true,
  "dependencies": {
    "@mapbox/point-geometry": {
      "version": "0.1.0",
      "resolved": "https://registry.npmjs.org/@mapbox/point-geometry/-/point-geometry-0.1.0.tgz",
      "integrity": "sha1-ioP5M1x4YO/6Lu7KJUMyqgru2PI="
    },
    "@mapbox/vector-tile": {
      "version": "1.3.1",
      "resolved": "https://registry.npmjs.org/@mapbox/vector-tile/-/vector-tile-1.3.1.tgz",
      "integrity": "sha512-MCEddb8u44/xfQ3oD+Srl/tNcQoqTw3goGk2oLsrFxOTc3dUp+kAnby3PvAeeBYSMSjSPD1nd1AJA6W49WnoUw==",
      "requires": {
        "@mapbox/point-geometry": "0.1.0"
      }
    },
    "ieee754": {
      "version": "1.1.11",
      "resolved": "https://registry.npmjs.org/ieee754/-/ieee754-1.1.11.tgz",
      "integrity": "sha512-VhDzCKN7K8ufStx/CLj5/PDTMgph+qwN5Pkd5i0sGnVwk56zJ0lkT8Qzi1xqWLS0Wp29DgDtNeS7v8/wMoZeHg=="
    },
    "pbf": {
      "version": "3.1.0",
      "resolved": "https://registry.npmjs.org/pbf/-/pbf-3.1.0.tgz",
      "integrity": "sha512-/hYJmIsTmh7fMkHAWWXJ5b8IKLWdjdlAFb3IHkRBn1XUhIYBChVGfVwmHEAV3UfXTxsP/AKfYTXTS/dCPxJd5w==",
      "requires": {
        "ieee754": "1.1.11",
        "resolve-protobuf-schema": "2.0.0"
      }
    },
    "protocol-buffers-schema": {
      "version": "2.2.0",
      "resolved": "https://registry.npmjs.org/protocol-buffers-schema/-/protocol-buffers-schema-2.2.0.tgz",
      "integrity": "sha1-0pxs1z+2VZePtpiWkRgNuEQRn2E="
    },
    "resolve-protobuf-schema": {
      "version": "2.0.0",
      "resolved": "https://registry.npmjs.org/resolve-protobuf-schema/-/resolve-protobuf-schema-2.0.0.tgz",
      "integrity": "sha1-5nsGKmfwLRG9aIbnDv2niEB+D7Q=",
      "requires": {
        "protocol-buffers-schema": "2.2.0"
      }
    }
  }
}
